
Microsoft Visual Studio Solution File, Format Version 12.00
# Visual Studio Version 16
VisualStudioVersion = 16.0.30621.155
MinimumVisualStudioVersion = 10.0.40219.1
Project("{8BC9CEB8-8B4A-11D0-8D11-00A0C91BC942}") = "l2tp", "l2tp\l2tp.vcxproj", "{1D7A61C4-98D0-44D2-A0FB-E295B346DA51}"
EndProject
Global
	GlobalSection(SolutionConfigurationPlatforms) = preSolution
		Debug|x64 = Debug|x64
		Debug|x86 = Debug|x86
		Release|x64 = Release|x64
		Release|x86 = Release|x86
	EndGlobalSection
	GlobalSection(ProjectConfigurationPlatforms) = postSolution
		{1D7A61C4-98D0-44D2-A0FB-E295B346DA51}.Debug|x64.ActiveCfg = Debug|x64
		{1D7A61C4-98D0-44D2-A0FB-E295B346DA51}.Debug|x64.Build.0 = Debug|x64
		{1D7A61C4-98D0-44D2-A0FB-E295B346DA51}.Debug|x86.ActiveCfg = Debug|Win32
		{1D7A61C4-98D0-44D2-A0FB-E295B346DA51}.Debug|x86.Build.0 = Debug|Win32
		{1D7A61C4-98D0-44D2-A0FB-E295B346DA51}.Release|x64.ActiveCfg = Release|x64
		{1D7A61C4-98D0-44D2-A0FB-E295B346DA51}.Release|x64.Build.0 = Release|x64
		{1D7A61C4-98D0-44D2-A0FB-E295B346DA51}.Release|x86.ActiveCfg = Release|Win32
		{1D7A61C4-98D0-44D2-A0FB-E295B346DA51}.Release|x86.Build.0 = Release|Win32
	EndGlobalSection
	GlobalSection(SolutionProperties) = preSolution
		HideSolutionNode = FALSE
	EndGlobalSection
	GlobalSection(ExtensibilityGlobals) = postSolution
		SolutionGuid = {062EA79B-832A-4C0D-B4CA-36B0CFA5B3E0}
	EndGlobalSection
EndGlobal
